
Microsoft Visual Studio Solution File, Format Version 12.00
# Visual Studio Version 16
VisualStudioVersion = 16.0.31624.102
MinimumVisualStudioVersion = 10.0.40219.1
Project("{9A19103F-16F7-4668-BE54-9A1E7A4F7556}") = "WebBlogApi", "WebBlogApi.csproj", "{426F4642-AFB1-457B-86CE-123B572EA82C}"
EndProject
Project("{FAE04EC0-301F-11D3-BF4B-00C04F79EFBC}") = "BankingAPI-unit-tests", "..\BankingAPI-unit-tests\BankingAPI-unit-tests.csproj", "{036E27D7-6D2B-4CE4-8779-0A5F6EF88C70}"
EndProject
Global
	GlobalSection(SolutionConfigurationPlatforms) = preSolution
		Debug|Any CPU = Debug|Any CPU
		Release|Any CPU = Release|Any CPU
	EndGlobalSection
	GlobalSection(ProjectConfigurationPlatforms) = postSolution
		{426F4642-AFB1-457B-86CE-123B572EA82C}.Debug|Any CPU.ActiveCfg = Debug|Any CPU
		{426F4642-AFB1-457B-86CE-123B572EA82C}.Debug|Any CPU.Build.0 = Debug|Any CPU
		{426F4642-AFB1-457B-86CE-123B572EA82C}.Release|Any CPU.ActiveCfg = Release|Any CPU
		{426F4642-AFB1-457B-86CE-123B572EA82C}.Release|Any CPU.Build.0 = Release|Any CPU
		{036E27D7-6D2B-4CE4-8779-0A5F6EF88C70}.Debug|Any CPU.ActiveCfg = Debug|Any CPU
		{036E27D7-6D2B-4CE4-8779-0A5F6EF88C70}.Debug|Any CPU.Build.0 = Debug|Any CPU
		{036E27D7-6D2B-4CE4-8779-0A5F6EF88C70}.Release|Any CPU.ActiveCfg = Release|Any CPU
		{036E27D7-6D2B-4CE4-8779-0A5F6EF88C70}.Release|Any CPU.Build.0 = Release|Any CPU
	EndGlobalSection
	GlobalSection(SolutionProperties) = preSolution
		HideSolutionNode = FALSE
	EndGlobalSection
	GlobalSection(ExtensibilityGlobals) = postSolution
		SolutionGuid = {D4B83912-406C-4DDA-83CF-90B353E698ED}
	EndGlobalSection
EndGlobal
